
Microsoft Visual Studio Solution File, Format Version 12.00
# Visual Studio Version 16
VisualStudioVersion = 16.0.29102.190
MinimumVisualStudioVersion = 10.0.40219.1
Project("{FAE04EC0-301F-11D3-BF4B-00C04F79EFBC}") = "HelloWorld", "HelloWorld\HelloWorld.csproj", "{B2E8400A-3B20-406B-B3EB-0D1265A622BC}"
EndProject
Global
	GlobalSection(SolutionConfigurationPlatforms) = preSolution
		Debug|Any CPU = Debug|Any CPU
		Release|Any CPU = Release|Any CPU
	EndGlobalSection
	GlobalSection(ProjectConfigurationPlatforms) = postSolution
		{B2E8400A-3B20-406B-B3EB-0D1265A622BC}.Debug|Any CPU.ActiveCfg = Debug|Any CPU
		{B2E8400A-3B20-406B-B3EB-0D1265A622BC}.Debug|Any CPU.Build.0 = Debug|Any CPU
		{B2E8400A-3B20-406B-B3EB-0D1265A622BC}.Release|Any CPU.ActiveCfg = Release|Any CPU
		{B2E8400A-3B20-406B-B3EB-0D1265A622BC}.Release|Any CPU.Build.0 = Release|Any CPU
	EndGlobalSection
	GlobalSection(SolutionProperties) = preSolution
		HideSolutionNode = FALSE
	EndGlobalSection
	GlobalSection(ExtensibilityGlobals) = postSolution
		SolutionGuid = {8B6B617B-4EAF-4EC7-84FA-19E787294FF6}
	EndGlobalSection
EndGlobal
